
Microsoft Visual Studio Solution File, Format Version 12.00
# Visual Studio 2013
VisualStudioVersion = 12.0.31101.0
MinimumVisualStudioVersion = 10.0.40219.1
Project("{FAE04EC0-301F-11D3-BF4B-00C04F79EFBC}") = "Conference", "Conference\Conference.csproj", "{B2DAF391-B8CE-4A3F-859A-98BB32DE0616}"
EndProject
Project("{2150E333-8FDC-42A3-9474-1A3956D46DE8}") = "PublishScripts", "PublishScripts", "{F9AAF4E3-DBB7-43B5-94E3-CBA32A71691A}"
	ProjectSection(SolutionItems) = preProject
		PublishScripts\AzureWebsitePublishModule.psm1 = PublishScripts\AzureWebsitePublishModule.psm1
		PublishScripts\Publish-WebApplicationWebsite.ps1 = PublishScripts\Publish-WebApplicationWebsite.ps1
	EndProjectSection
EndProject
Project("{2150E333-8FDC-42A3-9474-1A3956D46DE8}") = "Configurations", "Configurations", "{347703B2-57CD-4BB7-A1E1-0859AC1E4796}"
	ProjectSection(SolutionItems) = preProject
		PublishScripts\Configurations\Conference-WAWS-dev.json = PublishScripts\Configurations\Conference-WAWS-dev.json
	EndProjectSection
EndProject
Global
	GlobalSection(SolutionConfigurationPlatforms) = preSolution
		Debug|Any CPU = Debug|Any CPU
		Release|Any CPU = Release|Any CPU
	EndGlobalSection
	GlobalSection(ProjectConfigurationPlatforms) = postSolution
		{B2DAF391-B8CE-4A3F-859A-98BB32DE0616}.Debug|Any CPU.ActiveCfg = Debug|Any CPU
		{B2DAF391-B8CE-4A3F-859A-98BB32DE0616}.Debug|Any CPU.Build.0 = Debug|Any CPU
		{B2DAF391-B8CE-4A3F-859A-98BB32DE0616}.Release|Any CPU.ActiveCfg = Release|Any CPU
		{B2DAF391-B8CE-4A3F-859A-98BB32DE0616}.Release|Any CPU.Build.0 = Release|Any CPU
	EndGlobalSection
	GlobalSection(SolutionProperties) = preSolution
		HideSolutionNode = FALSE
	EndGlobalSection
	GlobalSection(NestedProjects) = preSolution
		{347703B2-57CD-4BB7-A1E1-0859AC1E4796} = {F9AAF4E3-DBB7-43B5-94E3-CBA32A71691A}
	EndGlobalSection
EndGlobal
